
Microsoft Visual Studio Solution File, Format Version 12.00
# Visual Studio Version 16
VisualStudioVersion = 16.0.30611.23
MinimumVisualStudioVersion = 10.0.40219.1
Project("{9A19103F-16F7-4668-BE54-9A1E7A4F7556}") = "NoitaEyeGlyphResearch", "NoitaEyeGlyphResearch\NoitaEyeGlyphResearch.csproj", "{BC62EF2D-F969-4C46-83BC-82C7FE61A95C}"
EndProject
Project("{9A19103F-16F7-4668-BE54-9A1E7A4F7556}") = "NoitaEyeGlyphResearchLib", "NoitaEyeGlyphResearchLib\NoitaEyeGlyphResearchLib.csproj", "{38CEA3F0-956B-4517-A78E-5B560A8E19A1}"
EndProject
Project("{9A19103F-16F7-4668-BE54-9A1E7A4F7556}") = "NoitaEyeGlyphResearchTest", "NoitaEyeGlyphResearchTest\NoitaEyeGlyphResearchTest.csproj", "{822A3AAF-BBBA-4687-BD4B-E0C7AEFE2ADA}"
EndProject
Project("{2150E333-8FDC-42A3-9474-1A3956D46DE8}") = "Solution Items", "Solution Items", "{6F0B8CF4-9F6A-4233-9104-43A4C5EC0905}"
	ProjectSection(SolutionItems) = preProject
		README.md = README.md
	EndProjectSection
EndProject
Global
	GlobalSection(SolutionConfigurationPlatforms) = preSolution
		Debug|Any CPU = Debug|Any CPU
		Release|Any CPU = Release|Any CPU
	EndGlobalSection
	GlobalSection(ProjectConfigurationPlatforms) = postSolution
		{BC62EF2D-F969-4C46-83BC-82C7FE61A95C}.Debug|Any CPU.ActiveCfg = Debug|Any CPU
		{BC62EF2D-F969-4C46-83BC-82C7FE61A95C}.Debug|Any CPU.Build.0 = Debug|Any CPU
		{BC62EF2D-F969-4C46-83BC-82C7FE61A95C}.Release|Any CPU.ActiveCfg = Release|Any CPU
		{BC62EF2D-F969-4C46-83BC-82C7FE61A95C}.Release|Any CPU.Build.0 = Release|Any CPU
		{38CEA3F0-956B-4517-A78E-5B560A8E19A1}.Debug|Any CPU.ActiveCfg = Debug|Any CPU
		{38CEA3F0-956B-4517-A78E-5B560A8E19A1}.Debug|Any CPU.Build.0 = Debug|Any CPU
		{38CEA3F0-956B-4517-A78E-5B560A8E19A1}.Release|Any CPU.ActiveCfg = Release|Any CPU
		{38CEA3F0-956B-4517-A78E-5B560A8E19A1}.Release|Any CPU.Build.0 = Release|Any CPU
		{822A3AAF-BBBA-4687-BD4B-E0C7AEFE2ADA}.Debug|Any CPU.ActiveCfg = Debug|Any CPU
		{822A3AAF-BBBA-4687-BD4B-E0C7AEFE2ADA}.Debug|Any CPU.Build.0 = Debug|Any CPU
		{822A3AAF-BBBA-4687-BD4B-E0C7AEFE2ADA}.Release|Any CPU.ActiveCfg = Release|Any CPU
		{822A3AAF-BBBA-4687-BD4B-E0C7AEFE2ADA}.Release|Any CPU.Build.0 = Release|Any CPU
	EndGlobalSection
	GlobalSection(SolutionProperties) = preSolution
		HideSolutionNode = FALSE
	EndGlobalSection
	GlobalSection(ExtensibilityGlobals) = postSolution
		SolutionGuid = {47C2B822-693A-4FDE-B4A8-79F726D3A3A3}
	EndGlobalSection
EndGlobal
