
Microsoft Visual Studio Solution File, Format Version 12.00
# Visual Studio Version 16
VisualStudioVersion = 16.0.30611.23
MinimumVisualStudioVersion = 10.0.40219.1
Project("{FAE04EC0-301F-11D3-BF4B-00C04F79EFBC}") = "NoitaEyeGlyphResearch", "NoitaEyeGlyphResearch\NoitaEyeGlyphResearch.csproj", "{BC62EF2D-F969-4C46-83BC-82C7FE61A95C}"
EndProject
Project("{FAE04EC0-301F-11D3-BF4B-00C04F79EFBC}") = "NoitaEyeGlyphResearchLib", "NoitaEyeGlyphResearchLib\NoitaEyeGlyphResearchLib.csproj", "{38CEA3F0-956B-4517-A78E-5B560A8E19A1}"
EndProject
Project("{FAE04EC0-301F-11D3-BF4B-00C04F79EFBC}") = "NoitaEyeGlyphResearchTest", "NoitaEyeGlyphResearchTest\NoitaEyeGlyphResearchTest.csproj", "{822A3AAF-BBBA-4687-BD4B-E0C7AEFE2ADA}"
EndProject
Global
	GlobalSection(SolutionConfigurationPlatforms) = preSolution
		Debug|Any CPU = Debug|Any CPU
		Release|Any CPU = Release|Any CPU
	EndGlobalSection
	GlobalSection(ProjectConfigurationPlatforms) = postSolution
		{BC62EF2D-F969-4C46-83BC-82C7FE61A95C}.Debug|Any CPU.ActiveCfg = Debug|Any CPU
		{BC62EF2D-F969-4C46-83BC-82C7FE61A95C}.Debug|Any CPU.Build.0 = Debug|Any CPU
		{BC62EF2D-F969-4C46-83BC-82C7FE61A95C}.Release|Any CPU.ActiveCfg = Release|Any CPU
		{BC62EF2D-F969-4C46-83BC-82C7FE61A95C}.Release|Any CPU.Build.0 = Release|Any CPU
		{38CEA3F0-956B-4517-A78E-5B560A8E19A1}.Debug|Any CPU.ActiveCfg = Debug|Any CPU
		{38CEA3F0-956B-4517-A78E-5B560A8E19A1}.Debug|Any CPU.Build.0 = Debug|Any CPU
		{38CEA3F0-956B-4517-A78E-5B560A8E19A1}.Release|Any CPU.ActiveCfg = Release|Any CPU
		{38CEA3F0-956B-4517-A78E-5B560A8E19A1}.Release|Any CPU.Build.0 = Release|Any CPU
		{822A3AAF-BBBA-4687-BD4B-E0C7AEFE2ADA}.Debug|Any CPU.ActiveCfg = Debug|Any CPU
		{822A3AAF-BBBA-4687-BD4B-E0C7AEFE2ADA}.Debug|Any CPU.Build.0 = Debug|Any CPU
		{822A3AAF-BBBA-4687-BD4B-E0C7AEFE2ADA}.Release|Any CPU.ActiveCfg = Release|Any CPU
		{822A3AAF-BBBA-4687-BD4B-E0C7AEFE2ADA}.Release|Any CPU.Build.0 = Release|Any CPU
	EndGlobalSection
	GlobalSection(SolutionProperties) = preSolution
		HideSolutionNode = FALSE
	EndGlobalSection
	GlobalSection(ExtensibilityGlobals) = postSolution
		SolutionGuid = {47C2B822-693A-4FDE-B4A8-79F726D3A3A3}
	EndGlobalSection
EndGlobal
